// !$*UTF8*$!
{
	archiveVersion = 1;
	classes = {
	};
	objectVersion = 46;
	objects = {

/* Begin PBXBuildFile section */
		034DF19517BF179800DE579F /* fx.completed.wav in Resources */ = {isa = PBXBuildFile; fileRef = 034DF19417BF179800DE579F /* fx.completed.wav */; };
		0355C35E17BDC34500F71C39 /* QuartzCore.framework in Frameworks */ = {isa = PBXBuildFile; fileRef = 0355C35D17BDC34500F71C39 /* QuartzCore.framework */; };
		0355C36117BDC61D00F71C39 /* xxiivvLessons.m in Sources */ = {isa = PBXBuildFile; fileRef = 0355C36017BDC61C00F71C39 /* xxiivvLessons.m */; };
		0355C36317BE19E500F71C39 /* AVFoundation.framework in Frameworks */ = {isa = PBXBuildFile; fileRef = 0355C36217BE19E500F71C39 /* AVFoundation.framework */; };
		0355C36517BE1A0100F71C39 /* AudioToolbox.framework in Frameworks */ = {isa = PBXBuildFile; fileRef = 0355C36417BE1A0100F71C39 /* AudioToolbox.framework */; };
		0355C36917BE1A7A00F71C39 /* fx.accepted.wav in Resources */ = {isa = PBXBuildFile; fileRef = 0355C36617BE1A7A00F71C39 /* fx.accepted.wav */; };
		0355C36A17BE1A7A00F71C39 /* fx.click.wav in Resources */ = {isa = PBXBuildFile; fileRef = 0355C36717BE1A7A00F71C39 /* fx.click.wav */; };
		0355C36B17BE1A7A00F71C39 /* fx.error.wav in Resources */ = {isa = PBXBuildFile; fileRef = 0355C36817BE1A7A00F71C39 /* fx.error.wav */; };
		03600C431958B17200D69191 /* segueFade.m in Sources */ = {isa = PBXBuildFile; fileRef = 03600C3C1958B17200D69191 /* segueFade.m */; };
		03600C441958B17200D69191 /* splash.load.png in Resources */ = {isa = PBXBuildFile; fileRef = 03600C3D1958B17200D69191 /* splash.load.png */; };
		03600C451958B17200D69191 /* splash.logo.png in Resources */ = {isa = PBXBuildFile; fileRef = 03600C3E1958B17200D69191 /* splash.logo.png */; };
		03600C461958B17200D69191 /* splash.support.png in Resources */ = {isa = PBXBuildFile; fileRef = 03600C3F1958B17200D69191 /* splash.support.png */; };
		03600C471958B17200D69191 /* splash.tune.wav in Resources */ = {isa = PBXBuildFile; fileRef = 03600C401958B17200D69191 /* splash.tune.wav */; };
		03600C481958B17200D69191 /* xxiivvSplash.m in Sources */ = {isa = PBXBuildFile; fileRef = 03600C421958B17200D69191 /* xxiivvSplash.m */; };
		03600C4A1958B25E00D69191 /* Images.xcassets in Resources */ = {isa = PBXBuildFile; fileRef = 03600C491958B25E00D69191 /* Images.xcassets */; };
		03D07C9117BD085100DE4475 /* UIKit.framework in Frameworks */ = {isa = PBXBuildFile; fileRef = 03D07C9017BD085100DE4475 /* UIKit.framework */; };
		03D07C9317BD085100DE4475 /* Foundation.framework in Frameworks */ = {isa = PBXBuildFile; fileRef = 03D07C9217BD085100DE4475 /* Foundation.framework */; };
		03D07C9517BD085100DE4475 /* CoreGraphics.framework in Frameworks */ = {isa = PBXBuildFile; fileRef = 03D07C9417BD085100DE4475 /* CoreGraphics.framework */; };
		03D07C9B17BD085100DE4475 /* InfoPlist.strings in Resources */ = {isa = PBXBuildFile; fileRef = 03D07C9917BD085100DE4475 /* InfoPlist.strings */; };
		03D07C9D17BD085100DE4475 /* main.m in Sources */ = {isa = PBXBuildFile; fileRef = 03D07C9C17BD085100DE4475 /* main.m */; };
		03D07CA117BD085100DE4475 /* xxiivvAppDelegate.m in Sources */ = {isa = PBXBuildFile; fileRef = 03D07CA017BD085100DE4475 /* xxiivvAppDelegate.m */; };
		03D07CA317BD085100DE4475 /* Default.png in Resources */ = {isa = PBXBuildFile; fileRef = 03D07CA217BD085100DE4475 /* Default.png */; };
		03D07CA517BD085100DE4475 /* Default@2x.png in Resources */ = {isa = PBXBuildFile; fileRef = 03D07CA417BD085100DE4475 /* Default@2x.png */; };
		03D07CA717BD085100DE4475 /* Default-568h@2x.png in Resources */ = {isa = PBXBuildFile; fileRef = 03D07CA617BD085100DE4475 /* Default-568h@2x.png */; };
		03D07CAA17BD085100DE4475 /* MainStoryboard.storyboard in Resources */ = {isa = PBXBuildFile; fileRef = 03D07CA817BD085100DE4475 /* MainStoryboard.storyboard */; };
		03D07CAD17BD085100DE4475 /* xxiivvViewController.m in Sources */ = {isa = PBXBuildFile; fileRef = 03D07CAC17BD085100DE4475 /* xxiivvViewController.m */; };
		03D07CB517BD08CB00DE4475 /* xxiivvTemplates.m in Sources */ = {isa = PBXBuildFile; fileRef = 03D07CB417BD08CB00DE4475 /* xxiivvTemplates.m */; };
/* End PBXBuildFile section */

/* Begin PBXFileReference section */
		034DF19417BF179800DE579F /* fx.completed.wav */ = {isa = PBXFileReference; lastKnownFileType = audio.wav; path = fx.completed.wav; sourceTree = "<group>"; };
		0355C35D17BDC34500F71C39 /* QuartzCore.framework */ = {isa = PBXFileReference; lastKnownFileType = wrapper.framework; name = QuartzCore.framework; path = System/Library/Frameworks/QuartzCore.framework; sourceTree = SDKROOT; };
		0355C35F17BDC61C00F71C39 /* xxiivvLessons.h */ = {isa = PBXFileReference; fileEncoding = 4; lastKnownFileType = sourcecode.c.h; path = xxiivvLessons.h; sourceTree = "<group>"; };
		0355C36017BDC61C00F71C39 /* xxiivvLessons.m */ = {isa = PBXFileReference; fileEncoding = 4; lastKnownFileType = sourcecode.c.objc; path = xxiivvLessons.m; sourceTree = "<group>"; };
		0355C36217BE19E500F71C39 /* AVFoundation.framework */ = {isa = PBXFileReference; lastKnownFileType = wrapper.framework; name = AVFoundation.framework; path = System/Library/Frameworks/AVFoundation.framework; sourceTree = SDKROOT; };
		0355C36417BE1A0100F71C39 /* AudioToolbox.framework */ = {isa = PBXFileReference; lastKnownFileType = wrapper.framework; name = AudioToolbox.framework; path = System/Library/Frameworks/AudioToolbox.framework; sourceTree = SDKROOT; };
		0355C36617BE1A7A00F71C39 /* fx.accepted.wav */ = {isa = PBXFileReference; lastKnownFileType = audio.wav; path = fx.accepted.wav; sourceTree = "<group>"; };
		0355C36717BE1A7A00F71C39 /* fx.click.wav */ = {isa = PBXFileReference; lastKnownFileType = audio.wav; path = fx.click.wav; sourceTree = "<group>"; };
		0355C36817BE1A7A00F71C39 /* fx.error.wav */ = {isa = PBXFileReference; lastKnownFileType = audio.wav; path = fx.error.wav; sourceTree = "<group>"; };
		03600C3B1958B17200D69191 /* segueFade.h */ = {isa = PBXFileReference; fileEncoding = 4; lastKnownFileType = sourcecode.c.h; path = segueFade.h; sourceTree = "<group>"; };
		03600C3C1958B17200D69191 /* segueFade.m */ = {isa = PBXFileReference; fileEncoding = 4; lastKnownFileType = sourcecode.c.objc; path = segueFade.m; sourceTree = "<group>"; };
		03600C3D1958B17200D69191 /* splash.load.png */ = {isa = PBXFileReference; lastKnownFileType = image.png; path = splash.load.png; sourceTree = "<group>"; };
		03600C3E1958B17200D69191 /* splash.logo.png */ = {isa = PBXFileReference; lastKnownFileType = image.png; path = splash.logo.png; sourceTree = "<group>"; };
		03600C3F1958B17200D69191 /* splash.support.png */ = {isa = PBXFileReference; lastKnownFileType = image.png; path = splash.support.png; sourceTree = "<group>"; };
		03600C401958B17200D69191 /* splash.tune.wav */ = {isa = PBXFileReference; lastKnownFileType = audio.wav; path = splash.tune.wav; sourceTree = "<group>"; };
		03600C411958B17200D69191 /* xxiivvSplash.h */ = {isa = PBXFileReference; fileEncoding = 4; lastKnownFileType = sourcecode.c.h; path = xxiivvSplash.h; sourceTree = "<group>"; };
		03600C421958B17200D69191 /* xxiivvSplash.m */ = {isa = PBXFileReference; fileEncoding = 4; lastKnownFileType = sourcecode.c.objc; path = xxiivvSplash.m; sourceTree = "<group>"; };
		03600C491958B25E00D69191 /* Images.xcassets */ = {isa = PBXFileReference; lastKnownFileType = folder.assetcatalog; path = Images.xcassets; sourceTree = "<group>"; };
		03D07C8D17BD085100DE4475 /* alphavetist.app */ = {isa = PBXFileReference; explicitFileType = wrapper.application; includeInIndex = 0; path = alphavetist.app; sourceTree = BUILT_PRODUCTS_DIR; };
		03D07C9017BD085100DE4475 /* UIKit.framework */ = {isa = PBXFileReference; lastKnownFileType = wrapper.framework; name = UIKit.framework; path = System/Library/Frameworks/UIKit.framework; sourceTree = SDKROOT; };
		03D07C9217BD085100DE4475 /* Foundation.framework */ = {isa = PBXFileReference; lastKnownFileType = wrapper.framework; name = Foundation.framework; path = System/Library/Frameworks/Foundation.framework; sourceTree = SDKROOT; };
		03D07C9417BD085100DE4475 /* CoreGraphics.framework */ = {isa = PBXFileReference; lastKnownFileType = wrapper.framework; name = CoreGraphics.framework; path = System/Library/Frameworks/CoreGraphics.framework; sourceTree = SDKROOT; };
		03D07C9817BD085100DE4475 /* alphavetist-Info.plist */ = {isa = PBXFileReference; lastKnownFileType = text.plist.xml; path = "alphavetist-Info.plist"; sourceTree = "<group>"; };
		03D07C9A17BD085100DE4475 /* en */ = {isa = PBXFileReference; lastKnownFileType = text.plist.strings; name = en; path = en.lproj/InfoPlist.strings; sourceTree = "<group>"; };
		03D07C9C17BD085100DE4475 /* main.m */ = {isa = PBXFileReference; lastKnownFileType = sourcecode.c.objc; path = main.m; sourceTree = "<group>"; };
		03D07C9E17BD085100DE4475 /* alphavetist-Prefix.pch */ = {isa = PBXFileReference; lastKnownFileType = sourcecode.c.h; path = "alphavetist-Prefix.pch"; sourceTree = "<group>"; };
		03D07C9F17BD085100DE4475 /* xxiivvAppDelegate.h */ = {isa = PBXFileReference; lastKnownFileType = sourcecode.c.h; path = xxiivvAppDelegate.h; sourceTree = "<group>"; };
		03D07CA017BD085100DE4475 /* xxiivvAppDelegate.m */ = {isa = PBXFileReference; lastKnownFileType = sourcecode.c.objc; path = xxiivvAppDelegate.m; sourceTree = "<group>"; };
		03D07CA217BD085100DE4475 /* Default.png */ = {isa = PBXFileReference; lastKnownFileType = image.png; path = Default.png; sourceTree = "<group>"; };
		03D07CA417BD085100DE4475 /* Default@2x.png */ = {isa = PBXFileReference; lastKnownFileType = image.png; path = "Default@2x.png"; sourceTree = "<group>"; };
		03D07CA617BD085100DE4475 /* Default-568h@2x.png */ = {isa = PBXFileReference; lastKnownFileType = image.png; path = "Default-568h@2x.png"; sourceTree = "<group>"; };
		03D07CA917BD085100DE4475 /* en */ = {isa = PBXFileReference; lastKnownFileType = file.storyboard; name = en; path = en.lproj/MainStoryboard.storyboard; sourceTree = "<group>"; };
		03D07CAB17BD085100DE4475 /* xxiivvViewController.h */ = {isa = PBXFileReference; lastKnownFileType = sourcecode.c.h; path = xxiivvViewController.h; sourceTree = "<group>"; };
		03D07CAC17BD085100DE4475 /* xxiivvViewController.m */ = {isa = PBXFileReference; lastKnownFileType = sourcecode.c.objc; path = xxiivvViewController.m; sourceTree = "<group>"; };
		03D07CB317BD08CB00DE4475 /* xxiivvTemplates.h */ = {isa = PBXFileReference; fileEncoding = 4; lastKnownFileType = sourcecode.c.h; path = xxiivvTemplates.h; sourceTree = "<group>"; };
		03D07CB417BD08CB00DE4475 /* xxiivvTemplates.m */ = {isa = PBXFileReference; fileEncoding = 4; lastKnownFileType = sourcecode.c.objc; path = xxiivvTemplates.m; sourceTree = "<group>"; };
/* End PBXFileReference section */

/* Begin PBXFrameworksBuildPhase section */
		03D07C8A17BD085100DE4475 /* Frameworks */ = {
			isa = PBXFrameworksBuildPhase;
			buildActionMask = 2147483647;
			files = (
				0355C36517BE1A0100F71C39 /* AudioToolbox.framework in Frameworks */,
				0355C36317BE19E500F71C39 /* AVFoundation.framework in Frameworks */,
				0355C35E17BDC34500F71C39 /* QuartzCore.framework in Frameworks */,
				03D07C9117BD085100DE4475 /* UIKit.framework in Frameworks */,
				03D07C9317BD085100DE4475 /* Foundation.framework in Frameworks */,
				03D07C9517BD085100DE4475 /* CoreGraphics.framework in Frameworks */,
			);
			runOnlyForDeploymentPostprocessing = 0;
		};
/* End PBXFrameworksBuildPhase section */

/* Begin PBXGroup section */
		03600C3A1958B17200D69191 /* splash */ = {
			isa = PBXGroup;
			children = (
				03600C3B1958B17200D69191 /* segueFade.h */,
				03600C3C1958B17200D69191 /* segueFade.m */,
				03600C3D1958B17200D69191 /* splash.load.png */,
				03600C3E1958B17200D69191 /* splash.logo.png */,
				03600C3F1958B17200D69191 /* splash.support.png */,
				03600C401958B17200D69191 /* splash.tune.wav */,
				03600C411958B17200D69191 /* xxiivvSplash.h */,
				03600C421958B17200D69191 /* xxiivvSplash.m */,
			);
			name = splash;
			path = hahapapa/splash;
			sourceTree = "<group>";
		};
		03D07C8417BD085100DE4475 = {
			isa = PBXGroup;
			children = (
				03600C3A1958B17200D69191 /* splash */,
				0355C36417BE1A0100F71C39 /* AudioToolbox.framework */,
				0355C36217BE19E500F71C39 /* AVFoundation.framework */,
				0355C35D17BDC34500F71C39 /* QuartzCore.framework */,
				03D07C9617BD085100DE4475 /* hahapapa */,
				03D07C8F17BD085100DE4475 /* Frameworks */,
				03D07C8E17BD085100DE4475 /* Products */,
			);
			sourceTree = "<group>";
		};
		03D07C8E17BD085100DE4475 /* Products */ = {
			isa = PBXGroup;
			children = (
				03D07C8D17BD085100DE4475 /* alphavetist.app */,
			);
			name = Products;
			sourceTree = "<group>";
		};
		03D07C8F17BD085100DE4475 /* Frameworks */ = {
			isa = PBXGroup;
			children = (
				03D07C9017BD085100DE4475 /* UIKit.framework */,
				03D07C9217BD085100DE4475 /* Foundation.framework */,
				03D07C9417BD085100DE4475 /* CoreGraphics.framework */,
			);
			name = Frameworks;
			sourceTree = "<group>";
		};
		03D07C9617BD085100DE4475 /* hahapapa */ = {
			isa = PBXGroup;
			children = (
				034DF19417BF179800DE579F /* fx.completed.wav */,
				0355C36617BE1A7A00F71C39 /* fx.accepted.wav */,
				0355C36717BE1A7A00F71C39 /* fx.click.wav */,
				0355C36817BE1A7A00F71C39 /* fx.error.wav */,
				03D07C9F17BD085100DE4475 /* xxiivvAppDelegate.h */,
				03D07CA017BD085100DE4475 /* xxiivvAppDelegate.m */,
				03D07CAB17BD085100DE4475 /* xxiivvViewController.h */,
				03D07CAC17BD085100DE4475 /* xxiivvViewController.m */,
				0355C35F17BDC61C00F71C39 /* xxiivvLessons.h */,
				0355C36017BDC61C00F71C39 /* xxiivvLessons.m */,
				03D07CB317BD08CB00DE4475 /* xxiivvTemplates.h */,
				03D07CB417BD08CB00DE4475 /* xxiivvTemplates.m */,
				03D07CA817BD085100DE4475 /* MainStoryboard.storyboard */,
				03600C491958B25E00D69191 /* Images.xcassets */,
				03D07C9717BD085100DE4475 /* Supporting Files */,
			);
			path = hahapapa;
			sourceTree = "<group>";
		};
		03D07C9717BD085100DE4475 /* Supporting Files */ = {
			isa = PBXGroup;
			children = (
				03D07C9817BD085100DE4475 /* alphavetist-Info.plist */,
				03D07C9917BD085100DE4475 /* InfoPlist.strings */,
				03D07C9C17BD085100DE4475 /* main.m */,
				03D07C9E17BD085100DE4475 /* alphavetist-Prefix.pch */,
				03D07CA217BD085100DE4475 /* Default.png */,
				03D07CA417BD085100DE4475 /* Default@2x.png */,
				03D07CA617BD085100DE4475 /* Default-568h@2x.png */,
			);
			name = "Supporting Files";
			sourceTree = "<group>";
		};
/* End PBXGroup section */

/* Begin PBXNativeTarget section */
		03D07C8C17BD085100DE4475 /* alphavetist */ = {
			isa = PBXNativeTarget;
			buildConfigurationList = 03D07CB017BD085100DE4475 /* Build configuration list for PBXNativeTarget "alphavetist" */;
			buildPhases = (
				03D07C8917BD085100DE4475 /* Sources */,
				03D07C8A17BD085100DE4475 /* Frameworks */,
				03D07C8B17BD085100DE4475 /* Resources */,
			);
			buildRules = (
			);
			dependencies = (
			);
			name = alphavetist;
			productName = hahapapa;
			productReference = 03D07C8D17BD085100DE4475 /* alphavetist.app */;
			productType = "com.apple.product-type.application";
		};
/* End PBXNativeTarget section */

/* Begin PBXProject section */
		03D07C8517BD085100DE4475 /* Project object */ = {
			isa = PBXProject;
			attributes = {
				CLASSPREFIX = xxiivv;
				LastUpgradeCheck = 0710;
				ORGANIZATIONNAME = XXIIVV;
				TargetAttributes = {
					03D07C8C17BD085100DE4475 = {
						DevelopmentTeam = B948MFAE5C;
					};
				};
			};
			buildConfigurationList = 03D07C8817BD085100DE4475 /* Build configuration list for PBXProject "alphavetist" */;
			compatibilityVersion = "Xcode 3.2";
			developmentRegion = English;
			hasScannedForEncodings = 0;
			knownRegions = (
				en,
			);
			mainGroup = 03D07C8417BD085100DE4475;
			productRefGroup = 03D07C8E17BD085100DE4475 /* Products */;
			projectDirPath = "";
			projectRoot = "";
			targets = (
				03D07C8C17BD085100DE4475 /* alphavetist */,
			);
		};
/* End PBXProject section */

/* Begin PBXResourcesBuildPhase section */
		03D07C8B17BD085100DE4475 /* Resources */ = {
			isa = PBXResourcesBuildPhase;
			buildActionMask = 2147483647;
			files = (
				03D07C9B17BD085100DE4475 /* InfoPlist.strings in Resources */,
				03D07CA317BD085100DE4475 /* Default.png in Resources */,
				03600C451958B17200D69191 /* splash.logo.png in Resources */,
				03D07CA517BD085100DE4475 /* Default@2x.png in Resources */,
				03D07CA717BD085100DE4475 /* Default-568h@2x.png in Resources */,
				03D07CAA17BD085100DE4475 /* MainStoryboard.storyboard in Resources */,
				0355C36917BE1A7A00F71C39 /* fx.accepted.wav in Resources */,
				0355C36A17BE1A7A00F71C39 /* fx.click.wav in Resources */,
				0355C36B17BE1A7A00F71C39 /* fx.error.wav in Resources */,
				03600C4A1958B25E00D69191 /* Images.xcassets in Resources */,
				03600C461958B17200D69191 /* splash.support.png in Resources */,
				03600C441958B17200D69191 /* splash.load.png in Resources */,
				03600C471958B17200D69191 /* splash.tune.wav in Resources */,
				034DF19517BF179800DE579F /* fx.completed.wav in Resources */,
			);
			runOnlyForDeploymentPostprocessing = 0;
		};
/* End PBXResourcesBuildPhase section */

/* Begin PBXSourcesBuildPhase section */
		03D07C8917BD085100DE4475 /* Sources */ = {
			isa = PBXSourcesBuildPhase;
			buildActionMask = 2147483647;
			files = (
				03D07C9D17BD085100DE4475 /* main.m in Sources */,
				03600C431958B17200D69191 /* segueFade.m in Sources */,
				03D07CA117BD085100DE4475 /* xxiivvAppDelegate.m in Sources */,
				03D07CAD17BD085100DE4475 /* xxiivvViewController.m in Sources */,
				03600C481958B17200D69191 /* xxiivvSplash.m in Sources */,
				03D07CB517BD08CB00DE4475 /* xxiivvTemplates.m in Sources */,
				0355C36117BDC61D00F71C39 /* xxiivvLessons.m in Sources */,
			);
			runOnlyForDeploymentPostprocessing = 0;
		};
/* End PBXSourcesBuildPhase section */

/* Begin PBXVariantGroup section */
		03D07C9917BD085100DE4475 /* InfoPlist.strings */ = {
			isa = PBXVariantGroup;
			children = (
				03D07C9A17BD085100DE4475 /* en */,
			);
			name = InfoPlist.strings;
			sourceTree = "<group>";
		};
		03D07CA817BD085100DE4475 /* MainStoryboard.storyboard */ = {
			isa = PBXVariantGroup;
			children = (
				03D07CA917BD085100DE4475 /* en */,
			);
			name = MainStoryboard.storyboard;
			sourceTree = "<group>";
		};
/* End PBXVariantGroup section */

/* Begin XCBuildConfiguration section */
		03D07CAE17BD085100DE4475 /* Debug */ = {
			isa = XCBuildConfiguration;
			buildSettings = {
				ALWAYS_SEARCH_USER_PATHS = NO;
				CLANG_CXX_LANGUAGE_STANDARD = "gnu++0x";
				CLANG_CXX_LIBRARY = "libc++";
				CLANG_ENABLE_OBJC_ARC = YES;
				CLANG_WARN_CONSTANT_CONVERSION = YES;
				CLANG_WARN_EMPTY_BODY = YES;
				CLANG_WARN_ENUM_CONVERSION = YES;
				CLANG_WARN_INT_CONVERSION = YES;
				CLANG_WARN__DUPLICATE_METHOD_MATCH = YES;
				CODE_SIGN_IDENTITY = "iPhone Developer";
				"CODE_SIGN_IDENTITY[sdk=iphoneos*]" = "iPhone Developer";
				COPY_PHASE_STRIP = NO;
				ENABLE_TESTABILITY = YES;
				GCC_C_LANGUAGE_STANDARD = gnu99;
				GCC_DYNAMIC_NO_PIC = NO;
				GCC_OPTIMIZATION_LEVEL = 0;
				GCC_PREPROCESSOR_DEFINITIONS = (
					"DEBUG=1",
					"$(inherited)",
				);
				GCC_SYMBOLS_PRIVATE_EXTERN = NO;
				GCC_WARN_ABOUT_RETURN_TYPE = YES;
				GCC_WARN_UNINITIALIZED_AUTOS = YES;
				GCC_WARN_UNUSED_VARIABLE = YES;
				IPHONEOS_DEPLOYMENT_TARGET = 7.0;
				ONLY_ACTIVE_ARCH = YES;
				PROVISIONING_PROFILE = "";
				"PROVISIONING_PROFILE[sdk=iphoneos*]" = "";
				SDKROOT = iphoneos;
			};
			name = Debug;
		};
		03D07CAF17BD085100DE4475 /* Release */ = {
			isa = XCBuildConfiguration;
			buildSettings = {
				ALWAYS_SEARCH_USER_PATHS = NO;
				CLANG_CXX_LANGUAGE_STANDARD = "gnu++0x";
				CLANG_CXX_LIBRARY = "libc++";
				CLANG_ENABLE_OBJC_ARC = YES;
				CLANG_WARN_CONSTANT_CONVERSION = YES;
				CLANG_WARN_EMPTY_BODY = YES;
				CLANG_WARN_ENUM_CONVERSION = YES;
				CLANG_WARN_INT_CONVERSION = YES;
				CLANG_WARN__DUPLICATE_METHOD_MATCH = YES;
				CODE_SIGN_IDENTITY = "iPhone Distribution: David Mondou-Labbe";
				"CODE_SIGN_IDENTITY[sdk=iphoneos*]" = "iPhone Distribution: David Mondou-Labbe";
				COPY_PHASE_STRIP = YES;
				GCC_C_LANGUAGE_STANDARD = gnu99;
				GCC_WARN_ABOUT_RETURN_TYPE = YES;
				GCC_WARN_UNINITIALIZED_AUTOS = YES;
				GCC_WARN_UNUSED_VARIABLE = YES;
				IPHONEOS_DEPLOYMENT_TARGET = 7.0;
				OTHER_CFLAGS = "-DNS_BLOCK_ASSERTIONS=1";
				PROVISIONING_PROFILE = "090CF236-E94B-4132-8B52-A114CEA8A5BC";
				"PROVISIONING_PROFILE[sdk=iphoneos*]" = "090CF236-E94B-4132-8B52-A114CEA8A5BC";
				SDKROOT = iphoneos;
				VALIDATE_PRODUCT = YES;
			};
			name = Release;
		};
		03D07CB117BD085100DE4475 /* Debug */ = {
			isa = XCBuildConfiguration;
			buildSettings = {
				ASSETCATALOG_COMPILER_APPICON_NAME = AppIcon;
				ASSETCATALOG_COMPILER_LAUNCHIMAGE_NAME = LaunchImage;
				CODE_SIGN_IDENTITY = "iPhone Developer";
				"CODE_SIGN_IDENTITY[sdk=iphoneos*]" = "iPhone Developer";
				GCC_PRECOMPILE_PREFIX_HEADER = YES;
				GCC_PREFIX_HEADER = "hahapapa/alphavetist-Prefix.pch";
				INFOPLIST_FILE = "hahapapa/alphavetist-Info.plist";
				IPHONEOS_DEPLOYMENT_TARGET = 7.0;
				PRODUCT_BUNDLE_IDENTIFIER = com.xxiivv.hahapapa;
				PRODUCT_NAME = alphavetist;
				PROVISIONING_PROFILE = "";
				TARGETED_DEVICE_FAMILY = "1,2";
				WRAPPER_EXTENSION = app;
			};
			name = Debug;
		};
		03D07CB217BD085100DE4475 /* Release */ = {
			isa = XCBuildConfiguration;
			buildSettings = {
				ASSETCATALOG_COMPILER_APPICON_NAME = AppIcon;
				ASSETCATALOG_COMPILER_LAUNCHIMAGE_NAME = LaunchImage;
				CODE_SIGN_IDENTITY = "iPhone Developer";
				"CODE_SIGN_IDENTITY[sdk=iphoneos*]" = "iPhone Developer";
				GCC_PRECOMPILE_PREFIX_HEADER = YES;
				GCC_PREFIX_HEADER = "hahapapa/alphavetist-Prefix.pch";
				INFOPLIST_FILE = "hahapapa/alphavetist-Info.plist";
				IPHONEOS_DEPLOYMENT_TARGET = 7.0;
				PRODUCT_BUNDLE_IDENTIFIER = com.xxiivv.hahapapa;
				PRODUCT_NAME = alphavetist;
				PROVISIONING_PROFILE = "";
				TARGETED_DEVICE_FAMILY = "1,2";
				WRAPPER_EXTENSION = app;
			};
			name = Release;
		};
/* End XCBuildConfiguration section */

/* Begin XCConfigurationList section */
		03D07C8817BD085100DE4475 /* Build configuration list for PBXProject "alphavetist" */ = {
			isa = XCConfigurationList;
			buildConfigurations = (
				03D07CAE17BD085100DE4475 /* Debug */,
				03D07CAF17BD085100DE4475 /* Release */,
			);
			defaultConfigurationIsVisible = 0;
			defaultConfigurationName = Release;
		};
		03D07CB017BD085100DE4475 /* Build configuration list for PBXNativeTarget "alphavetist" */ = {
			isa = XCConfigurationList;
			buildConfigurations = (
				03D07CB117BD085100DE4475 /* Debug */,
				03D07CB217BD085100DE4475 /* Release */,
			);
			defaultConfigurationIsVisible = 0;
			defaultConfigurationName = Release;
		};
/* End XCConfigurationList section */
	};
	rootObject = 03D07C8517BD085100DE4475 /* Project object */;
}
